
Microsoft Visual Studio Solution File, Format Version 12.00
# Visual Studio Version 17
VisualStudioVersion = 17.13.35919.96
MinimumVisualStudioVersion = 10.0.40219.1
Project("{FAE04EC0-301F-11D3-BF4B-00C04F79EFBC}") = "Singularity", "Singularity.csproj", "{14AC9F3E-9BAD-4672-A02C-FF03D4D1C87C}"
EndProject
Project("{FAE04EC0-301F-11D3-BF4B-00C04F79EFBC}") = "SingularityUpdater", "..\SingularityUpdater\SingularityUpdater.csproj", "{B48C0891-E0F9-41DB-9F26-7280D8D5184A}"
EndProject
Global
	GlobalSection(SolutionConfigurationPlatforms) = preSolution
		Debug|Any CPU = Debug|Any CPU
		Release|Any CPU = Release|Any CPU
	EndGlobalSection
	GlobalSection(ProjectConfigurationPlatforms) = postSolution
		{14AC9F3E-9BAD-4672-A02C-FF03D4D1C87C}.Debug|Any CPU.ActiveCfg = Debug|Any CPU
		{14AC9F3E-9BAD-4672-A02C-FF03D4D1C87C}.Debug|Any CPU.Build.0 = Debug|Any CPU
		{14AC9F3E-9BAD-4672-A02C-FF03D4D1C87C}.Release|Any CPU.ActiveCfg = Release|Any CPU
		{14AC9F3E-9BAD-4672-A02C-FF03D4D1C87C}.Release|Any CPU.Build.0 = Release|Any CPU
		{B48C0891-E0F9-41DB-9F26-7280D8D5184A}.Debug|Any CPU.ActiveCfg = Debug|Any CPU
		{B48C0891-E0F9-41DB-9F26-7280D8D5184A}.Debug|Any CPU.Build.0 = Debug|Any CPU
		{B48C0891-E0F9-41DB-9F26-7280D8D5184A}.Release|Any CPU.ActiveCfg = Release|Any CPU
		{B48C0891-E0F9-41DB-9F26-7280D8D5184A}.Release|Any CPU.Build.0 = Release|Any CPU
	EndGlobalSection
	GlobalSection(SolutionProperties) = preSolution
		HideSolutionNode = FALSE
	EndGlobalSection
	GlobalSection(ExtensibilityGlobals) = postSolution
		SolutionGuid = {79706A03-8142-4985-82B4-F48262556D7F}
	EndGlobalSection
EndGlobal
